{
    "name": "tello-copter",
    "version": "1.0.0",
    "lockfileVersion": 2,
    "requires": true,
    "packages": {
        "": {
            "version": "1.0.0",
            "license": "MIT",
            "dependencies": {
                "rxjs": "^7.0.1",
                "typescript": "^4.2.4",
                "ws": "^7.4.5"
            },
            "devDependencies": {
                "@types/node": "^15.0.2"
            }
        },
        "node_modules/@types/node": {
            "version": "15.3.0",
            "resolved": "https://registry.npmjs.org/@types/node/-/node-15.3.0.tgz",
            "integrity": "sha512-8/bnjSZD86ZfpBsDlCIkNXIvm+h6wi9g7IqL+kmFkQ+Wvu3JrasgLElfiPgoo8V8vVfnEi0QVS12gbl94h9YsQ==",
            "dev": true
        },
        "node_modules/rxjs": {
            "version": "7.0.1",
            "resolved": "https://registry.npmjs.org/rxjs/-/rxjs-7.0.1.tgz",
            "integrity": "sha512-wViQ4Vgps1xJwqWIBooMNN44usCSthL7wCUl4qWqrVjhGfWyVyXcxlYzfDKkJKACQvZMTOft/jJ3RkbwK1j9QQ==",
            "dependencies": {
                "tslib": "~2.1.0"
            }
        },
        "node_modules/tslib": {
            "version": "2.1.0",
            "resolved": "https://registry.npmjs.org/tslib/-/tslib-2.1.0.tgz",
            "integrity": "sha512-hcVC3wYEziELGGmEEXue7D75zbwIIVUMWAVbHItGPx0ziyXxrOMQx4rQEVEV45Ut/1IotuEvwqPopzIOkDMf0A=="
        },
        "node_modules/typescript": {
            "version": "4.2.4",
            "resolved": "https://registry.npmjs.org/typescript/-/typescript-4.2.4.tgz",
            "integrity": "sha512-V+evlYHZnQkaz8TRBuxTA92yZBPotr5H+WhQ7bD3hZUndx5tGOa1fuCgeSjxAzM1RiN5IzvadIXTVefuuwZCRg==",
            "bin": {
                "tsc": "bin/tsc",
                "tsserver": "bin/tsserver"
            },
            "engines": {
                "node": ">=4.2.0"
            }
        },
        "node_modules/ws": {
            "version": "7.4.5",
            "resolved": "https://registry.npmjs.org/ws/-/ws-7.4.5.tgz",
            "integrity": "sha512-xzyu3hFvomRfXKH8vOFMU3OguG6oOvhXMo3xsGy3xWExqaM2dxBbVxuD99O7m3ZUFMvvscsZDqxfgMaRr/Nr1g==",
            "engines": {
                "node": ">=8.3.0"
            }
        }
    },
    "dependencies": {
        "@types/node": {
            "version": "15.3.0",
            "resolved": "https://registry.npmjs.org/@types/node/-/node-15.3.0.tgz",
            "integrity": "sha512-8/bnjSZD86ZfpBsDlCIkNXIvm+h6wi9g7IqL+kmFkQ+Wvu3JrasgLElfiPgoo8V8vVfnEi0QVS12gbl94h9YsQ==",
            "dev": true
        },
        "rxjs": {
            "version": "7.0.1",
            "resolved": "https://registry.npmjs.org/rxjs/-/rxjs-7.0.1.tgz",
            "integrity": "sha512-wViQ4Vgps1xJwqWIBooMNN44usCSthL7wCUl4qWqrVjhGfWyVyXcxlYzfDKkJKACQvZMTOft/jJ3RkbwK1j9QQ==",
            "requires": {
                "tslib": "~2.1.0"
            }
        },
        "tslib": {
            "version": "2.1.0",
            "resolved": "https://registry.npmjs.org/tslib/-/tslib-2.1.0.tgz",
            "integrity": "sha512-hcVC3wYEziELGGmEEXue7D75zbwIIVUMWAVbHItGPx0ziyXxrOMQx4rQEVEV45Ut/1IotuEvwqPopzIOkDMf0A=="
        },
        "typescript": {
            "version": "4.2.4",
            "resolved": "https://registry.npmjs.org/typescript/-/typescript-4.2.4.tgz",
            "integrity": "sha512-V+evlYHZnQkaz8TRBuxTA92yZBPotr5H+WhQ7bD3hZUndx5tGOa1fuCgeSjxAzM1RiN5IzvadIXTVefuuwZCRg=="
        },
        "ws": {
            "version": "7.4.5",
            "resolved": "https://registry.npmjs.org/ws/-/ws-7.4.5.tgz",
            "integrity": "sha512-xzyu3hFvomRfXKH8vOFMU3OguG6oOvhXMo3xsGy3xWExqaM2dxBbVxuD99O7m3ZUFMvvscsZDqxfgMaRr/Nr1g=="
        }
    }
}
